
Microsoft Visual Studio Solution File, Format Version 12.00
# Visual Studio Version 17
VisualStudioVersion = 17.7.34202.233
MinimumVisualStudioVersion = 10.0.40219.1
Project("{FAE04EC0-301F-11D3-BF4B-00C04F79EFBC}") = "TestProject", "TestDesign\TestProject.csproj", "{BE6DF3E2-F8AF-4896-AC27-85E2616B63FA}"
EndProject
Project("{FAE04EC0-301F-11D3-BF4B-00C04F79EFBC}") = "TestProjectTest", "TestProjectTest\TestProjectTest.csproj", "{C7DED343-E1FE-4CCF-BCA8-99E0408E58CF}"
EndProject
Global
	GlobalSection(SolutionConfigurationPlatforms) = preSolution
		Debug|Any CPU = Debug|Any CPU
		Release|Any CPU = Release|Any CPU
	EndGlobalSection
	GlobalSection(ProjectConfigurationPlatforms) = postSolution
		{BE6DF3E2-F8AF-4896-AC27-85E2616B63FA}.Debug|Any CPU.ActiveCfg = Debug|Any CPU
		{BE6DF3E2-F8AF-4896-AC27-85E2616B63FA}.Debug|Any CPU.Build.0 = Debug|Any CPU
		{BE6DF3E2-F8AF-4896-AC27-85E2616B63FA}.Release|Any CPU.ActiveCfg = Release|Any CPU
		{BE6DF3E2-F8AF-4896-AC27-85E2616B63FA}.Release|Any CPU.Build.0 = Release|Any CPU
		{C7DED343-E1FE-4CCF-BCA8-99E0408E58CF}.Debug|Any CPU.ActiveCfg = Debug|Any CPU
		{C7DED343-E1FE-4CCF-BCA8-99E0408E58CF}.Debug|Any CPU.Build.0 = Debug|Any CPU
		{C7DED343-E1FE-4CCF-BCA8-99E0408E58CF}.Release|Any CPU.ActiveCfg = Release|Any CPU
		{C7DED343-E1FE-4CCF-BCA8-99E0408E58CF}.Release|Any CPU.Build.0 = Release|Any CPU
	EndGlobalSection
	GlobalSection(SolutionProperties) = preSolution
		HideSolutionNode = FALSE
	EndGlobalSection
	GlobalSection(ExtensibilityGlobals) = postSolution
		SolutionGuid = {51CE0243-7566-40D1-ADDF-8E4FDFB733DB}
	EndGlobalSection
EndGlobal
